<Solution>
  <Folder Name="/Elementos de la solución/" />
  <Project Path="Api/Api.csproj" />
  <Project Path="Application/Application.csproj" />
  <Project Path="CleanArchitectureApp.Tests/CleanArchitectureApp.Tests.csproj" />
  <Project Path="Domain/Domain.csproj" />
  <Project Path="Infrastructure/Infrastructure.csproj" />
</Solution>
